
Microsoft Visual Studio Solution File, Format Version 12.00
# Visual Studio Version 16
VisualStudioVersion = 16.0.31229.75
MinimumVisualStudioVersion = 10.0.40219.1
Project("{FAE04EC0-301F-11D3-BF4B-00C04F79EFBC}") = "DianaEstrada_Carrito", "DianaEstrada_Carrito\DianaEstrada_Carrito.csproj", "{EEC7D220-2892-4503-846A-6A8B704A6C9F}"
EndProject
Global
	GlobalSection(SolutionConfigurationPlatforms) = preSolution
		Debug|Any CPU = Debug|Any CPU
		Release|Any CPU = Release|Any CPU
	EndGlobalSection
	GlobalSection(ProjectConfigurationPlatforms) = postSolution
		{EEC7D220-2892-4503-846A-6A8B704A6C9F}.Debug|Any CPU.ActiveCfg = Debug|Any CPU
		{EEC7D220-2892-4503-846A-6A8B704A6C9F}.Debug|Any CPU.Build.0 = Debug|Any CPU
		{EEC7D220-2892-4503-846A-6A8B704A6C9F}.Release|Any CPU.ActiveCfg = Release|Any CPU
		{EEC7D220-2892-4503-846A-6A8B704A6C9F}.Release|Any CPU.Build.0 = Release|Any CPU
	EndGlobalSection
	GlobalSection(SolutionProperties) = preSolution
		HideSolutionNode = FALSE
	EndGlobalSection
	GlobalSection(ExtensibilityGlobals) = postSolution
		SolutionGuid = {CF4FFDF5-FB4D-4FFF-896E-21F5BDF9C494}
	EndGlobalSection
EndGlobal
